// !$*UTF8*$!
{
	archiveVersion = 1;
	classes = {
	};
	objectVersion = 56;
	objects = {

/* Begin PBXBuildFile section */
		1E75F70A29B1AE6B009859D6 /* Detail.framework in Frameworks */ = {isa = PBXBuildFile; fileRef = 1E75F70929B1AE6B009859D6 /* Detail.framework */; };
		1E75F72929B1B1C9009859D6 /* Profile.framework in Frameworks */ = {isa = PBXBuildFile; fileRef = 1E75F72829B1B1C9009859D6 /* Profile.framework */; };
		1E75F76829B1BEE7009859D6 /* Core.framework in Frameworks */ = {isa = PBXBuildFile; fileRef = 1E75F74129B1B91D009859D6 /* Core.framework */; };
		1E75F79029B1C5DB009859D6 /* DIViewModel.swift in Sources */ = {isa = PBXBuildFile; fileRef = 1E75F78F29B1C5DB009859D6 /* DIViewModel.swift */; };
		1E75F7AB29B1CCBF009859D6 /* GamesModel.swift in Sources */ = {isa = PBXBuildFile; fileRef = 1E75F7AA29B1CCBF009859D6 /* GamesModel.swift */; };
		1E75F7AD29B1CCD1009859D6 /* DetailGamesModel.swift in Sources */ = {isa = PBXBuildFile; fileRef = 1E75F7AC29B1CCD1009859D6 /* DetailGamesModel.swift */; };
		1E75F7B429B1D78E009859D6 /* Main.xcdatamodeld in Sources */ = {isa = PBXBuildFile; fileRef = 1E75F7B229B1D78E009859D6 /* Main.xcdatamodeld */; };
		1E75F7E329B1DD4B009859D6 /* Favourite.framework in Frameworks */ = {isa = PBXBuildFile; fileRef = 1E75F7E229B1DD4B009859D6 /* Favourite.framework */; };
		1E75F80329B1E05D009859D6 /* Home.framework in Frameworks */ = {isa = PBXBuildFile; fileRef = 1E75F80229B1E05D009859D6 /* Home.framework */; };
		1E95AB0629823840002F782D /* MyGameAppsApp.swift in Sources */ = {isa = PBXBuildFile; fileRef = 1E95AB0529823840002F782D /* MyGameAppsApp.swift */; };
		1E95AB0829823840002F782D /* ContentView.swift in Sources */ = {isa = PBXBuildFile; fileRef = 1E95AB0729823840002F782D /* ContentView.swift */; };
		1E95AB0A29823842002F782D /* Assets.xcassets in Resources */ = {isa = PBXBuildFile; fileRef = 1E95AB0929823842002F782D /* Assets.xcassets */; };
		1E95AB0D29823842002F782D /* Preview Assets.xcassets in Resources */ = {isa = PBXBuildFile; fileRef = 1E95AB0C29823842002F782D /* Preview Assets.xcassets */; };
		398365FD6F0B44EB9E7544A3 /* Pods_MyGameApps.framework in Frameworks */ = {isa = PBXBuildFile; fileRef = B2D43470D9946BAE416A7ACE /* Pods_MyGameApps.framework */; };
/* End PBXBuildFile section */

/* Begin PBXFileReference section */
		1E180EDE2991B97A0093AA32 /* Info.plist */ = {isa = PBXFileReference; lastKnownFileType = text.plist; path = Info.plist; sourceTree = "<group>"; };
		1E75F70929B1AE6B009859D6 /* Detail.framework */ = {isa = PBXFileReference; explicitFileType = wrapper.framework; path = Detail.framework; sourceTree = BUILT_PRODUCTS_DIR; };
		1E75F72829B1B1C9009859D6 /* Profile.framework */ = {isa = PBXFileReference; explicitFileType = wrapper.framework; path = Profile.framework; sourceTree = BUILT_PRODUCTS_DIR; };
		1E75F74129B1B91D009859D6 /* Core.framework */ = {isa = PBXFileReference; explicitFileType = wrapper.framework; path = Core.framework; sourceTree = BUILT_PRODUCTS_DIR; };
		1E75F78F29B1C5DB009859D6 /* DIViewModel.swift */ = {isa = PBXFileReference; lastKnownFileType = sourcecode.swift; path = DIViewModel.swift; sourceTree = "<group>"; };
		1E75F7AA29B1CCBF009859D6 /* GamesModel.swift */ = {isa = PBXFileReference; lastKnownFileType = sourcecode.swift; path = GamesModel.swift; sourceTree = "<group>"; };
		1E75F7AC29B1CCD1009859D6 /* DetailGamesModel.swift */ = {isa = PBXFileReference; lastKnownFileType = sourcecode.swift; path = DetailGamesModel.swift; sourceTree = "<group>"; };
		1E75F7B329B1D78E009859D6 /* Main.xcdatamodel */ = {isa = PBXFileReference; lastKnownFileType = wrapper.xcdatamodel; path = Main.xcdatamodel; sourceTree = "<group>"; };
		1E75F7E229B1DD4B009859D6 /* Favourite.framework */ = {isa = PBXFileReference; explicitFileType = wrapper.framework; path = Favourite.framework; sourceTree = BUILT_PRODUCTS_DIR; };
		1E75F80229B1E05D009859D6 /* Home.framework */ = {isa = PBXFileReference; explicitFileType = wrapper.framework; path = Home.framework; sourceTree = BUILT_PRODUCTS_DIR; };
		1E95AB0229823840002F782D /* MyGameApps.app */ = {isa = PBXFileReference; explicitFileType = wrapper.application; includeInIndex = 0; path = MyGameApps.app; sourceTree = BUILT_PRODUCTS_DIR; };
		1E95AB0529823840002F782D /* MyGameAppsApp.swift */ = {isa = PBXFileReference; lastKnownFileType = sourcecode.swift; path = MyGameAppsApp.swift; sourceTree = "<group>"; };
		1E95AB0729823840002F782D /* ContentView.swift */ = {isa = PBXFileReference; lastKnownFileType = sourcecode.swift; path = ContentView.swift; sourceTree = "<group>"; };
		1E95AB0929823842002F782D /* Assets.xcassets */ = {isa = PBXFileReference; lastKnownFileType = folder.assetcatalog; path = Assets.xcassets; sourceTree = "<group>"; };
		1E95AB0C29823842002F782D /* Preview Assets.xcassets */ = {isa = PBXFileReference; lastKnownFileType = folder.assetcatalog; path = "Preview Assets.xcassets"; sourceTree = "<group>"; };
		789DEBCE5EB0806F78A19E1C /* Pods-MyGameApps.debug.xcconfig */ = {isa = PBXFileReference; includeInIndex = 1; lastKnownFileType = text.xcconfig; name = "Pods-MyGameApps.debug.xcconfig"; path = "Target Support Files/Pods-MyGameApps/Pods-MyGameApps.debug.xcconfig"; sourceTree = "<group>"; };
		B2D43470D9946BAE416A7ACE /* Pods_MyGameApps.framework */ = {isa = PBXFileReference; explicitFileType = wrapper.framework; includeInIndex = 0; path = Pods_MyGameApps.framework; sourceTree = BUILT_PRODUCTS_DIR; };
		CFF05F54E435518005E8A5D3 /* Pods-MyGameApps.release.xcconfig */ = {isa = PBXFileReference; includeInIndex = 1; lastKnownFileType = text.xcconfig; name = "Pods-MyGameApps.release.xcconfig"; path = "Target Support Files/Pods-MyGameApps/Pods-MyGameApps.release.xcconfig"; sourceTree = "<group>"; };
/* End PBXFileReference section */

/* Begin PBXFrameworksBuildPhase section */
		1E95AAFF29823840002F782D /* Frameworks */ = {
			isa = PBXFrameworksBuildPhase;
			buildActionMask = 2147483647;
			files = (
				1E75F72929B1B1C9009859D6 /* Profile.framework in Frameworks */,
				398365FD6F0B44EB9E7544A3 /* Pods_MyGameApps.framework in Frameworks */,
				1E75F70A29B1AE6B009859D6 /* Detail.framework in Frameworks */,
				1E75F76829B1BEE7009859D6 /* Core.framework in Frameworks */,
				1E75F7E329B1DD4B009859D6 /* Favourite.framework in Frameworks */,
				1E75F80329B1E05D009859D6 /* Home.framework in Frameworks */,
			);
			runOnlyForDeploymentPostprocessing = 0;
		};
/* End PBXFrameworksBuildPhase section */

/* Begin PBXGroup section */
		00082D89D600D75D91A4BFE3 /* Frameworks */ = {
			isa = PBXGroup;
			children = (
				1E75F80229B1E05D009859D6 /* Home.framework */,
				1E75F7E229B1DD4B009859D6 /* Favourite.framework */,
				1E75F74129B1B91D009859D6 /* Core.framework */,
				1E75F72829B1B1C9009859D6 /* Profile.framework */,
				1E75F70929B1AE6B009859D6 /* Detail.framework */,
				B2D43470D9946BAE416A7ACE /* Pods_MyGameApps.framework */,
			);
			name = Frameworks;
			sourceTree = "<group>";
		};
		1E75F78D29B1C5BA009859D6 /* Domainless */ = {
			isa = PBXGroup;
			children = (
				1E75F7A929B1CC76009859D6 /* Model */,
				1E75F78E29B1C5C9009859D6 /* DI */,
			);
			path = Domainless;
			sourceTree = "<group>";
		};
		1E75F78E29B1C5C9009859D6 /* DI */ = {
			isa = PBXGroup;
			children = (
				1E75F78F29B1C5DB009859D6 /* DIViewModel.swift */,
			);
			path = DI;
			sourceTree = "<group>";
		};
		1E75F7A929B1CC76009859D6 /* Model */ = {
			isa = PBXGroup;
			children = (
				1E75F7AA29B1CCBF009859D6 /* GamesModel.swift */,
				1E75F7AC29B1CCD1009859D6 /* DetailGamesModel.swift */,
				1E75F7B229B1D78E009859D6 /* Main.xcdatamodeld */,
			);
			path = Model;
			sourceTree = "<group>";
		};
		1E95AAF929823840002F782D = {
			isa = PBXGroup;
			children = (
				1E95AB0429823840002F782D /* MyGameApps */,
				1E95AB0329823840002F782D /* Products */,
				44C06D376400C2F3608E08B6 /* Pods */,
				00082D89D600D75D91A4BFE3 /* Frameworks */,
			);
			sourceTree = "<group>";
		};
		1E95AB0329823840002F782D /* Products */ = {
			isa = PBXGroup;
			children = (
				1E95AB0229823840002F782D /* MyGameApps.app */,
			);
			name = Products;
			sourceTree = "<group>";
		};
		1E95AB0429823840002F782D /* MyGameApps */ = {
			isa = PBXGroup;
			children = (
				1E75F78D29B1C5BA009859D6 /* Domainless */,
				1E180EDE2991B97A0093AA32 /* Info.plist */,
				1E95AB0529823840002F782D /* MyGameAppsApp.swift */,
				1E95AB0729823840002F782D /* ContentView.swift */,
				1E95AB0929823842002F782D /* Assets.xcassets */,
				1E95AB0B29823842002F782D /* Preview Content */,
			);
			path = MyGameApps;
			sourceTree = "<group>";
		};
		1E95AB0B29823842002F782D /* Preview Content */ = {
			isa = PBXGroup;
			children = (
				1E95AB0C29823842002F782D /* Preview Assets.xcassets */,
			);
			path = "Preview Content";
			sourceTree = "<group>";
		};
		44C06D376400C2F3608E08B6 /* Pods */ = {
			isa = PBXGroup;
			children = (
				789DEBCE5EB0806F78A19E1C /* Pods-MyGameApps.debug.xcconfig */,
				CFF05F54E435518005E8A5D3 /* Pods-MyGameApps.release.xcconfig */,
			);
			path = Pods;
			sourceTree = "<group>";
		};
/* End PBXGroup section */

/* Begin PBXNativeTarget section */
		1E95AB0129823840002F782D /* MyGameApps */ = {
			isa = PBXNativeTarget;
			buildConfigurationList = 1E95AB1029823842002F782D /* Build configuration list for PBXNativeTarget "MyGameApps" */;
			buildPhases = (
				F4F5600DC1662DCCF55CB578 /* [CP] Check Pods Manifest.lock */,
				1E95AAFE29823840002F782D /* Sources */,
				1E95AAFF29823840002F782D /* Frameworks */,
				1E95AB0029823840002F782D /* Resources */,
				1E10C0372987C52C00B24082 /* ShellScript */,
			);
			buildRules = (
			);
			dependencies = (
			);
			name = MyGameApps;
			productName = MyGameApps;
			productReference = 1E95AB0229823840002F782D /* MyGameApps.app */;
			productType = "com.apple.product-type.application";
		};
/* End PBXNativeTarget section */

/* Begin PBXProject section */
		1E95AAFA29823840002F782D /* Project object */ = {
			isa = PBXProject;
			attributes = {
				BuildIndependentTargetsInParallel = 1;
				LastSwiftUpdateCheck = 1400;
				LastUpgradeCheck = 1400;
				TargetAttributes = {
					1E95AB0129823840002F782D = {
						CreatedOnToolsVersion = 14.0;
					};
				};
			};
			buildConfigurationList = 1E95AAFD29823840002F782D /* Build configuration list for PBXProject "MyGameApps" */;
			compatibilityVersion = "Xcode 14.0";
			developmentRegion = en;
			hasScannedForEncodings = 0;
			knownRegions = (
				en,
				Base,
			);
			mainGroup = 1E95AAF929823840002F782D;
			productRefGroup = 1E95AB0329823840002F782D /* Products */;
			projectDirPath = "";
			projectRoot = "";
			targets = (
				1E95AB0129823840002F782D /* MyGameApps */,
			);
		};
/* End PBXProject section */

/* Begin PBXResourcesBuildPhase section */
		1E95AB0029823840002F782D /* Resources */ = {
			isa = PBXResourcesBuildPhase;
			buildActionMask = 2147483647;
			files = (
				1E95AB0D29823842002F782D /* Preview Assets.xcassets in Resources */,
				1E95AB0A29823842002F782D /* Assets.xcassets in Resources */,
			);
			runOnlyForDeploymentPostprocessing = 0;
		};
/* End PBXResourcesBuildPhase section */

/* Begin PBXShellScriptBuildPhase section */
		1E10C0372987C52C00B24082 /* ShellScript */ = {
			isa = PBXShellScriptBuildPhase;
			alwaysOutOfDate = 1;
			buildActionMask = 2147483647;
			files = (
			);
			inputFileListPaths = (
			);
			inputPaths = (
			);
			outputFileListPaths = (
			);
			outputPaths = (
			);
			runOnlyForDeploymentPostprocessing = 0;
			shellPath = /bin/sh;
			shellScript = "# Type a script or drag a script file from your workspace to insert its path.\nexport PATH=\"$PATH:/opt/homebrew/bin\"\nif which swiftlint > /dev/null; then\n  swiftlint\nelse\n  echo \"warning: SwiftLint not installed, download from https://github.com/realm/SwiftLint\"\nfi\n";
		};
		F4F5600DC1662DCCF55CB578 /* [CP] Check Pods Manifest.lock */ = {
			isa = PBXShellScriptBuildPhase;
			buildActionMask = 2147483647;
			files = (
			);
			inputFileListPaths = (
			);
			inputPaths = (
				"${PODS_PODFILE_DIR_PATH}/Podfile.lock",
				"${PODS_ROOT}/Manifest.lock",
			);
			name = "[CP] Check Pods Manifest.lock";
			outputFileListPaths = (
			);
			outputPaths = (
				"$(DERIVED_FILE_DIR)/Pods-MyGameApps-checkManifestLockResult.txt",
			);
			runOnlyForDeploymentPostprocessing = 0;
			shellPath = /bin/sh;
			shellScript = "diff \"${PODS_PODFILE_DIR_PATH}/Podfile.lock\" \"${PODS_ROOT}/Manifest.lock\" > /dev/null\nif [ $? != 0 ] ; then\n    # print error to STDERR\n    echo \"error: The sandbox is not in sync with the Podfile.lock. Run 'pod install' or update your CocoaPods installation.\" >&2\n    exit 1\nfi\n# This output is used by Xcode 'outputs' to avoid re-running this script phase.\necho \"SUCCESS\" > \"${SCRIPT_OUTPUT_FILE_0}\"\n";
			showEnvVarsInLog = 0;
		};
/* End PBXShellScriptBuildPhase section */

/* Begin PBXSourcesBuildPhase section */
		1E95AAFE29823840002F782D /* Sources */ = {
			isa = PBXSourcesBuildPhase;
			buildActionMask = 2147483647;
			files = (
				1E95AB0829823840002F782D /* ContentView.swift in Sources */,
				1E75F79029B1C5DB009859D6 /* DIViewModel.swift in Sources */,
				1E95AB0629823840002F782D /* MyGameAppsApp.swift in Sources */,
				1E75F7B429B1D78E009859D6 /* Main.xcdatamodeld in Sources */,
				1E75F7AD29B1CCD1009859D6 /* DetailGamesModel.swift in Sources */,
				1E75F7AB29B1CCBF009859D6 /* GamesModel.swift in Sources */,
			);
			runOnlyForDeploymentPostprocessing = 0;
		};
/* End PBXSourcesBuildPhase section */

/* Begin XCBuildConfiguration section */
		1E95AB0E29823842002F782D /* Debug */ = {
			isa = XCBuildConfiguration;
			buildSettings = {
				ALWAYS_SEARCH_USER_PATHS = NO;
				CLANG_ANALYZER_NONNULL = YES;
				CLANG_ANALYZER_NUMBER_OBJECT_CONVERSION = YES_AGGRESSIVE;
				CLANG_CXX_LANGUAGE_STANDARD = "gnu++20";
				CLANG_ENABLE_MODULES = YES;
				CLANG_ENABLE_OBJC_ARC = YES;
				CLANG_ENABLE_OBJC_WEAK = YES;
				CLANG_WARN_BLOCK_CAPTURE_AUTORELEASING = YES;
				CLANG_WARN_BOOL_CONVERSION = YES;
				CLANG_WARN_COMMA = YES;
				CLANG_WARN_CONSTANT_CONVERSION = YES;
				CLANG_WARN_DEPRECATED_OBJC_IMPLEMENTATIONS = YES;
				CLANG_WARN_DIRECT_OBJC_ISA_USAGE = YES_ERROR;
				CLANG_WARN_DOCUMENTATION_COMMENTS = YES;
				CLANG_WARN_EMPTY_BODY = YES;
				CLANG_WARN_ENUM_CONVERSION = YES;
				CLANG_WARN_INFINITE_RECURSION = YES;
				CLANG_WARN_INT_CONVERSION = YES;
				CLANG_WARN_NON_LITERAL_NULL_CONVERSION = YES;
				CLANG_WARN_OBJC_IMPLICIT_RETAIN_SELF = YES;
				CLANG_WARN_OBJC_LITERAL_CONVERSION = YES;
				CLANG_WARN_OBJC_ROOT_CLASS = YES_ERROR;
				CLANG_WARN_QUOTED_INCLUDE_IN_FRAMEWORK_HEADER = YES;
				CLANG_WARN_RANGE_LOOP_ANALYSIS = YES;
				CLANG_WARN_STRICT_PROTOTYPES = YES;
				CLANG_WARN_SUSPICIOUS_MOVE = YES;
				CLANG_WARN_UNGUARDED_AVAILABILITY = YES_AGGRESSIVE;
				CLANG_WARN_UNREACHABLE_CODE = YES;
				CLANG_WARN__DUPLICATE_METHOD_MATCH = YES;
				COPY_PHASE_STRIP = NO;
				DEBUG_INFORMATION_FORMAT = dwarf;
				ENABLE_STRICT_OBJC_MSGSEND = YES;
				ENABLE_TESTABILITY = YES;
				GCC_C_LANGUAGE_STANDARD = gnu11;
				GCC_DYNAMIC_NO_PIC = NO;
				GCC_NO_COMMON_BLOCKS = YES;
				GCC_OPTIMIZATION_LEVEL = 0;
				GCC_PREPROCESSOR_DEFINITIONS = (
					"DEBUG=1",
					"$(inherited)",
				);
				GCC_WARN_64_TO_32_BIT_CONVERSION = YES;
				GCC_WARN_ABOUT_RETURN_TYPE = YES_ERROR;
				GCC_WARN_UNDECLARED_SELECTOR = YES;
				GCC_WARN_UNINITIALIZED_AUTOS = YES_AGGRESSIVE;
				GCC_WARN_UNUSED_FUNCTION = YES;
				GCC_WARN_UNUSED_VARIABLE = YES;
				IPHONEOS_DEPLOYMENT_TARGET = 16.0;
				MTL_ENABLE_DEBUG_INFO = INCLUDE_SOURCE;
				MTL_FAST_MATH = YES;
				ONLY_ACTIVE_ARCH = YES;
				SDKROOT = iphoneos;
				SWIFT_ACTIVE_COMPILATION_CONDITIONS = DEBUG;
				SWIFT_OPTIMIZATION_LEVEL = "-Onone";
			};
			name = Debug;
		};
		1E95AB0F29823842002F782D /* Release */ = {
			isa = XCBuildConfiguration;
			buildSettings = {
				ALWAYS_SEARCH_USER_PATHS = NO;
				CLANG_ANALYZER_NONNULL = YES;
				CLANG_ANALYZER_NUMBER_OBJECT_CONVERSION = YES_AGGRESSIVE;
				CLANG_CXX_LANGUAGE_STANDARD = "gnu++20";
				CLANG_ENABLE_MODULES = YES;
				CLANG_ENABLE_OBJC_ARC = YES;
				CLANG_ENABLE_OBJC_WEAK = YES;
				CLANG_WARN_BLOCK_CAPTURE_AUTORELEASING = YES;
				CLANG_WARN_BOOL_CONVERSION = YES;
				CLANG_WARN_COMMA = YES;
				CLANG_WARN_CONSTANT_CONVERSION = YES;
				CLANG_WARN_DEPRECATED_OBJC_IMPLEMENTATIONS = YES;
				CLANG_WARN_DIRECT_OBJC_ISA_USAGE = YES_ERROR;
				CLANG_WARN_DOCUMENTATION_COMMENTS = YES;
				CLANG_WARN_EMPTY_BODY = YES;
				CLANG_WARN_ENUM_CONVERSION = YES;
				CLANG_WARN_INFINITE_RECURSION = YES;
				CLANG_WARN_INT_CONVERSION = YES;
				CLANG_WARN_NON_LITERAL_NULL_CONVERSION = YES;
				CLANG_WARN_OBJC_IMPLICIT_RETAIN_SELF = YES;
				CLANG_WARN_OBJC_LITERAL_CONVERSION = YES;
				CLANG_WARN_OBJC_ROOT_CLASS = YES_ERROR;
				CLANG_WARN_QUOTED_INCLUDE_IN_FRAMEWORK_HEADER = YES;
				CLANG_WARN_RANGE_LOOP_ANALYSIS = YES;
				CLANG_WARN_STRICT_PROTOTYPES = YES;
				CLANG_WARN_SUSPICIOUS_MOVE = YES;
				CLANG_WARN_UNGUARDED_AVAILABILITY = YES_AGGRESSIVE;
				CLANG_WARN_UNREACHABLE_CODE = YES;
				CLANG_WARN__DUPLICATE_METHOD_MATCH = YES;
				COPY_PHASE_STRIP = NO;
				DEBUG_INFORMATION_FORMAT = "dwarf-with-dsym";
				ENABLE_NS_ASSERTIONS = NO;
				ENABLE_STRICT_OBJC_MSGSEND = YES;
				GCC_C_LANGUAGE_STANDARD = gnu11;
				GCC_NO_COMMON_BLOCKS = YES;
				GCC_WARN_64_TO_32_BIT_CONVERSION = YES;
				GCC_WARN_ABOUT_RETURN_TYPE = YES_ERROR;
				GCC_WARN_UNDECLARED_SELECTOR = YES;
				GCC_WARN_UNINITIALIZED_AUTOS = YES_AGGRESSIVE;
				GCC_WARN_UNUSED_FUNCTION = YES;
				GCC_WARN_UNUSED_VARIABLE = YES;
				IPHONEOS_DEPLOYMENT_TARGET = 16.0;
				MTL_ENABLE_DEBUG_INFO = NO;
				MTL_FAST_MATH = YES;
				SDKROOT = iphoneos;
				SWIFT_COMPILATION_MODE = wholemodule;
				SWIFT_OPTIMIZATION_LEVEL = "-O";
				VALIDATE_PRODUCT = YES;
			};
			name = Release;
		};
		1E95AB1129823842002F782D /* Debug */ = {
			isa = XCBuildConfiguration;
			baseConfigurationReference = 789DEBCE5EB0806F78A19E1C /* Pods-MyGameApps.debug.xcconfig */;
			buildSettings = {
				ASSETCATALOG_COMPILER_APPICON_NAME = AppIcon;
				ASSETCATALOG_COMPILER_GLOBAL_ACCENT_COLOR_NAME = AccentColor;
				CODE_SIGN_STYLE = Automatic;
				CURRENT_PROJECT_VERSION = 1;
				DEVELOPMENT_ASSET_PATHS = "\"MyGameApps/Preview Content\"";
				DEVELOPMENT_TEAM = KU6QWCK42Q;
				ENABLE_PREVIEWS = YES;
				GENERATE_INFOPLIST_FILE = YES;
				INFOPLIST_FILE = MyGameApps/Info.plist;
				INFOPLIST_KEY_UIApplicationSceneManifest_Generation = YES;
				INFOPLIST_KEY_UIApplicationSupportsIndirectInputEvents = YES;
				INFOPLIST_KEY_UILaunchScreen_Generation = YES;
				INFOPLIST_KEY_UISupportedInterfaceOrientations_iPad = "UIInterfaceOrientationPortrait UIInterfaceOrientationPortraitUpsideDown UIInterfaceOrientationLandscapeLeft UIInterfaceOrientationLandscapeRight";
				INFOPLIST_KEY_UISupportedInterfaceOrientations_iPhone = "UIInterfaceOrientationPortrait UIInterfaceOrientationLandscapeLeft UIInterfaceOrientationLandscapeRight";
				IPHONEOS_DEPLOYMENT_TARGET = 16.0;
				LD_RUNPATH_SEARCH_PATHS = (
					"$(inherited)",
					"@executable_path/Frameworks",
				);
				MARKETING_VERSION = 1.0;
				PRODUCT_BUNDLE_IDENTIFIER = com.dicoding.academy.MyGameApps;
				PRODUCT_NAME = "$(TARGET_NAME)";
				SWIFT_EMIT_LOC_STRINGS = YES;
				SWIFT_INSTALL_OBJC_HEADER = YES;
				SWIFT_VERSION = 5.0;
				TARGETED_DEVICE_FAMILY = "1,2";
			};
			name = Debug;
		};
		1E95AB1229823842002F782D /* Release */ = {
			isa = XCBuildConfiguration;
			baseConfigurationReference = CFF05F54E435518005E8A5D3 /* Pods-MyGameApps.release.xcconfig */;
			buildSettings = {
				ASSETCATALOG_COMPILER_APPICON_NAME = AppIcon;
				ASSETCATALOG_COMPILER_GLOBAL_ACCENT_COLOR_NAME = AccentColor;
				CODE_SIGN_STYLE = Automatic;
				CURRENT_PROJECT_VERSION = 1;
				DEVELOPMENT_ASSET_PATHS = "\"MyGameApps/Preview Content\"";
				DEVELOPMENT_TEAM = KU6QWCK42Q;
				ENABLE_PREVIEWS = YES;
				GENERATE_INFOPLIST_FILE = YES;
				INFOPLIST_FILE = MyGameApps/Info.plist;
				INFOPLIST_KEY_UIApplicationSceneManifest_Generation = YES;
				INFOPLIST_KEY_UIApplicationSupportsIndirectInputEvents = YES;
				INFOPLIST_KEY_UILaunchScreen_Generation = YES;
				INFOPLIST_KEY_UISupportedInterfaceOrientations_iPad = "UIInterfaceOrientationPortrait UIInterfaceOrientationPortraitUpsideDown UIInterfaceOrientationLandscapeLeft UIInterfaceOrientationLandscapeRight";
				INFOPLIST_KEY_UISupportedInterfaceOrientations_iPhone = "UIInterfaceOrientationPortrait UIInterfaceOrientationLandscapeLeft UIInterfaceOrientationLandscapeRight";
				IPHONEOS_DEPLOYMENT_TARGET = 16.0;
				LD_RUNPATH_SEARCH_PATHS = (
					"$(inherited)",
					"@executable_path/Frameworks",
				);
				MARKETING_VERSION = 1.0;
				PRODUCT_BUNDLE_IDENTIFIER = com.dicoding.academy.MyGameApps;
				PRODUCT_NAME = "$(TARGET_NAME)";
				SWIFT_EMIT_LOC_STRINGS = YES;
				SWIFT_INSTALL_OBJC_HEADER = YES;
				SWIFT_VERSION = 5.0;
				TARGETED_DEVICE_FAMILY = "1,2";
			};
			name = Release;
		};
/* End XCBuildConfiguration section */

/* Begin XCConfigurationList section */
		1E95AAFD29823840002F782D /* Build configuration list for PBXProject "MyGameApps" */ = {
			isa = XCConfigurationList;
			buildConfigurations = (
				1E95AB0E29823842002F782D /* Debug */,
				1E95AB0F29823842002F782D /* Release */,
			);
			defaultConfigurationIsVisible = 0;
			defaultConfigurationName = Release;
		};
		1E95AB1029823842002F782D /* Build configuration list for PBXNativeTarget "MyGameApps" */ = {
			isa = XCConfigurationList;
			buildConfigurations = (
				1E95AB1129823842002F782D /* Debug */,
				1E95AB1229823842002F782D /* Release */,
			);
			defaultConfigurationIsVisible = 0;
			defaultConfigurationName = Release;
		};
/* End XCConfigurationList section */

/* Begin XCVersionGroup section */
		1E75F7B229B1D78E009859D6 /* Main.xcdatamodeld */ = {
			isa = XCVersionGroup;
			children = (
				1E75F7B329B1D78E009859D6 /* Main.xcdatamodel */,
			);
			currentVersion = 1E75F7B329B1D78E009859D6 /* Main.xcdatamodel */;
			path = Main.xcdatamodeld;
			sourceTree = "<group>";
			versionGroupType = wrapper.xcdatamodel;
		};
/* End XCVersionGroup section */
	};
	rootObject = 1E95AAFA29823840002F782D /* Project object */;
}
